// !$*UTF8*$!
{
	archiveVersion = 1;
	classes = {
	};
	objectVersion = 46;
	objects = {

/* Begin PBXBuildFile section */
		6D00496519424141008F317A /* AppDelegate.swift in Sources */ = {isa = PBXBuildFile; fileRef = 6D00496419424141008F317A /* AppDelegate.swift */; };
		6D00496719424141008F317A /* GameViewController.swift in Sources */ = {isa = PBXBuildFile; fileRef = 6D00496619424141008F317A /* GameViewController.swift */; };
		6D00496C19424141008F317A /* Images.xcassets in Resources */ = {isa = PBXBuildFile; fileRef = 6D00496B19424141008F317A /* Images.xcassets */; };
		6D00497819424142008F317A /* SprityBirdInSwiftTests.swift in Sources */ = {isa = PBXBuildFile; fileRef = 6D00497719424142008F317A /* SprityBirdInSwiftTests.swift */; };
		6D376EC11942FE0D004FBF9D /* Main.storyboard in Resources */ = {isa = PBXBuildFile; fileRef = 6D376EC01942FE0D004FBF9D /* Main.storyboard */; };
		6DDEFCC71947A4D400051CDA /* Main-iPad.storyboard in Resources */ = {isa = PBXBuildFile; fileRef = 6DDEFCC61947A4D400051CDA /* Main-iPad.storyboard */; };
		6DE9D7CF194243DA0090AC80 /* Score.swift in Sources */ = {isa = PBXBuildFile; fileRef = 6DE9D7CE194243DA0090AC80 /* Score.swift */; };
		6DE9D7D2194247F90090AC80 /* BirdNode.swift in Sources */ = {isa = PBXBuildFile; fileRef = 6DE9D7D1194247F90090AC80 /* BirdNode.swift */; };
		6DE9D7D4194261D00090AC80 /* Constants.swift in Sources */ = {isa = PBXBuildFile; fileRef = 6DE9D7D3194261D00090AC80 /* Constants.swift */; };
		6DE9D7D7194262F10090AC80 /* SKScrollingNode.swift in Sources */ = {isa = PBXBuildFile; fileRef = 6DE9D7D6194262F10090AC80 /* SKScrollingNode.swift */; };
		6DE9D7D9194277000090AC80 /* Scene.swift in Sources */ = {isa = PBXBuildFile; fileRef = 6DE9D7D8194277000090AC80 /* Scene.swift */; };
		6DE9D7DB19427E170090AC80 /* SceneDelegate.swift in Sources */ = {isa = PBXBuildFile; fileRef = 6DE9D7DA19427E170090AC80 /* SceneDelegate.swift */; };
		6DE9D7DD19428CC20090AC80 /* Math.swift in Sources */ = {isa = PBXBuildFile; fileRef = 6DE9D7DC19428CC20090AC80 /* Math.swift */; };
		6DE9D7E619429E690090AC80 /* back@2x.png in Resources */ = {isa = PBXBuildFile; fileRef = 6DE9D7E219429E690090AC80 /* back@2x.png */; };
		6DE9D7F519429EB10090AC80 /* floor@2x.png in Resources */ = {isa = PBXBuildFile; fileRef = 6DE9D7EA19429EB10090AC80 /* floor@2x.png */; };
		6DE9D7F619429EB10090AC80 /* game_over@2x.png in Resources */ = {isa = PBXBuildFile; fileRef = 6DE9D7EB19429EB10090AC80 /* game_over@2x.png */; };
		6DE9D7F719429EB10090AC80 /* get_ready@2x.png in Resources */ = {isa = PBXBuildFile; fileRef = 6DE9D7EC19429EB10090AC80 /* get_ready@2x.png */; };
		6DE9D7F819429EB10090AC80 /* medal_bronze@2x.png in Resources */ = {isa = PBXBuildFile; fileRef = 6DE9D7ED19429EB10090AC80 /* medal_bronze@2x.png */; };
		6DE9D7F919429EB10090AC80 /* medal_gold@2x.png in Resources */ = {isa = PBXBuildFile; fileRef = 6DE9D7EE19429EB10090AC80 /* medal_gold@2x.png */; };
		6DE9D7FA19429EB10090AC80 /* medal_plate@2x.png in Resources */ = {isa = PBXBuildFile; fileRef = 6DE9D7EF19429EB10090AC80 /* medal_plate@2x.png */; };
		6DE9D7FB19429EB10090AC80 /* medal_platinum@2x.png in Resources */ = {isa = PBXBuildFile; fileRef = 6DE9D7F019429EB10090AC80 /* medal_platinum@2x.png */; };
		6DE9D7FC19429EB10090AC80 /* medal_silver@2x.png in Resources */ = {isa = PBXBuildFile; fileRef = 6DE9D7F119429EB10090AC80 /* medal_silver@2x.png */; };
		6DE9D7FD19429EB10090AC80 /* pipe_bottom@2x.png in Resources */ = {isa = PBXBuildFile; fileRef = 6DE9D7F219429EB10090AC80 /* pipe_bottom@2x.png */; };
		6DE9D7FE19429EB10090AC80 /* pipe_top@2x.png in Resources */ = {isa = PBXBuildFile; fileRef = 6DE9D7F319429EB10090AC80 /* pipe_top@2x.png */; };
		6DE9D7FF19429EB10090AC80 /* taptap@2x.png in Resources */ = {isa = PBXBuildFile; fileRef = 6DE9D7F419429EB10090AC80 /* taptap@2x.png */; };
		AB0346621A41DA1400C12FB4 /* SBWindow.swift in Sources */ = {isa = PBXBuildFile; fileRef = AB0346611A41DA1400C12FB4 /* SBWindow.swift */; };
		AB103FB91A5033800045FACD /* UFO_01@2x.png in Resources */ = {isa = PBXBuildFile; fileRef = AB103FB51A5033800045FACD /* UFO_01@2x.png */; };
		AB103FBA1A5033800045FACD /* UFO_02@2x.png in Resources */ = {isa = PBXBuildFile; fileRef = AB103FB61A5033800045FACD /* UFO_02@2x.png */; };
		AB103FBB1A5033800045FACD /* UFO_03@2x.png in Resources */ = {isa = PBXBuildFile; fileRef = AB103FB71A5033800045FACD /* UFO_03@2x.png */; };
		AB103FBC1A5033800045FACD /* UFO_04@2x.png in Resources */ = {isa = PBXBuildFile; fileRef = AB103FB81A5033800045FACD /* UFO_04@2x.png */; };
		AB5752961A502F100023BC75 /* background_City-01@2x.png in Resources */ = {isa = PBXBuildFile; fileRef = AB5752951A502F100023BC75 /* background_City-01@2x.png */; };
		AB9D77E11A3F3BF400C5442A /* GTAGHelper.m in Sources */ = {isa = PBXBuildFile; fileRef = AB9D77DF1A3F3BF400C5442A /* GTAGHelper.m */; };
		AB9D78651A3F436F00C5442A /* libGoogleAnalyticsServices.a in Frameworks */ = {isa = PBXBuildFile; fileRef = AB9D78641A3F436F00C5442A /* libGoogleAnalyticsServices.a */; };
		AB9D78671A3F438900C5442A /* CoreData.framework in Frameworks */ = {isa = PBXBuildFile; fileRef = AB9D78661A3F438900C5442A /* CoreData.framework */; };
		AB9D78691A3F439700C5442A /* SystemConfiguration.framework in Frameworks */ = {isa = PBXBuildFile; fileRef = AB9D78681A3F439700C5442A /* SystemConfiguration.framework */; };
		AB9D786B1A3F43A000C5442A /* libz.dylib in Frameworks */ = {isa = PBXBuildFile; fileRef = AB9D786A1A3F43A000C5442A /* libz.dylib */; };
		AB9D786D1A3F43AB00C5442A /* libsqlite3.dylib in Frameworks */ = {isa = PBXBuildFile; fileRef = AB9D786C1A3F43AB00C5442A /* libsqlite3.dylib */; };
		ABC964391A405EAD00DBA677 /* libGoogleAdMobAds.a in Frameworks */ = {isa = PBXBuildFile; fileRef = ABC964381A405EAD00DBA677 /* libGoogleAdMobAds.a */; };
		ABC9643B1A40822B00DBA677 /* AdSupport.framework in Frameworks */ = {isa = PBXBuildFile; fileRef = ABC9643A1A40822B00DBA677 /* AdSupport.framework */; };
		ABC9643D1A40823400DBA677 /* AudioToolbox.framework in Frameworks */ = {isa = PBXBuildFile; fileRef = ABC9643C1A40823400DBA677 /* AudioToolbox.framework */; };
		ABC9643F1A40823D00DBA677 /* AVFoundation.framework in Frameworks */ = {isa = PBXBuildFile; fileRef = ABC9643E1A40823D00DBA677 /* AVFoundation.framework */; };
		ABC964411A40824A00DBA677 /* CoreGraphics.framework in Frameworks */ = {isa = PBXBuildFile; fileRef = ABC964401A40824A00DBA677 /* CoreGraphics.framework */; };
		ABC964431A40825200DBA677 /* CoreTelephony.framework in Frameworks */ = {isa = PBXBuildFile; fileRef = ABC964421A40825200DBA677 /* CoreTelephony.framework */; };
		ABC964451A40825C00DBA677 /* EventKit.framework in Frameworks */ = {isa = PBXBuildFile; fileRef = ABC964441A40825C00DBA677 /* EventKit.framework */; };
		ABC964471A40826100DBA677 /* EventKitUI.framework in Frameworks */ = {isa = PBXBuildFile; fileRef = ABC964461A40826100DBA677 /* EventKitUI.framework */; };
		ABC964491A40826A00DBA677 /* MessageUI.framework in Frameworks */ = {isa = PBXBuildFile; fileRef = ABC964481A40826A00DBA677 /* MessageUI.framework */; };
		ABC9644B1A40826F00DBA677 /* StoreKit.framework in Frameworks */ = {isa = PBXBuildFile; fileRef = ABC9644A1A40826F00DBA677 /* StoreKit.framework */; };
		ABC9646D1A40889D00DBA677 /* README.txt in Resources */ = {isa = PBXBuildFile; fileRef = ABC9646C1A40889D00DBA677 /* README.txt */; };
		ABC964721A408D5E00DBA677 /* GADRequest+Swift.m in Sources */ = {isa = PBXBuildFile; fileRef = ABC964711A408D5E00DBA677 /* GADRequest+Swift.m */; };
/* End PBXBuildFile section */

/* Begin PBXContainerItemProxy section */
		6D00497219424141008F317A /* PBXContainerItemProxy */ = {
			isa = PBXContainerItemProxy;
			containerPortal = 6D00495719424141008F317A /* Project object */;
			proxyType = 1;
			remoteGlobalIDString = 6D00495E19424141008F317A;
			remoteInfo = SprityBirdInSwift;
		};
/* End PBXContainerItemProxy section */

/* Begin PBXFileReference section */
		6D00495F19424141008F317A /* SprityBirdInSwift.app */ = {isa = PBXFileReference; explicitFileType = wrapper.application; includeInIndex = 0; path = SprityBirdInSwift.app; sourceTree = BUILT_PRODUCTS_DIR; };
		6D00496319424141008F317A /* Info.plist */ = {isa = PBXFileReference; lastKnownFileType = text.plist.xml; path = Info.plist; sourceTree = "<group>"; };
		6D00496419424141008F317A /* AppDelegate.swift */ = {isa = PBXFileReference; lastKnownFileType = sourcecode.swift; name = AppDelegate.swift; path = ../AppDelegate.swift; sourceTree = "<group>"; };
		6D00496619424141008F317A /* GameViewController.swift */ = {isa = PBXFileReference; lastKnownFileType = sourcecode.swift; name = GameViewController.swift; path = ../../GameViewController.swift; sourceTree = "<group>"; };
		6D00496B19424141008F317A /* Images.xcassets */ = {isa = PBXFileReference; lastKnownFileType = folder.assetcatalog; name = Images.xcassets; path = ../Images.xcassets; sourceTree = "<group>"; };
		6D00497119424141008F317A /* SprityBirdInSwiftTests.xctest */ = {isa = PBXFileReference; explicitFileType = wrapper.cfbundle; includeInIndex = 0; path = SprityBirdInSwiftTests.xctest; sourceTree = BUILT_PRODUCTS_DIR; };
		6D00497619424142008F317A /* Info.plist */ = {isa = PBXFileReference; lastKnownFileType = text.plist.xml; path = Info.plist; sourceTree = "<group>"; };
		6D00497719424142008F317A /* SprityBirdInSwiftTests.swift */ = {isa = PBXFileReference; lastKnownFileType = sourcecode.swift; path = SprityBirdInSwiftTests.swift; sourceTree = "<group>"; };
		6D376EC01942FE0D004FBF9D /* Main.storyboard */ = {isa = PBXFileReference; fileEncoding = 4; lastKnownFileType = file.storyboard; path = Main.storyboard; sourceTree = "<group>"; };
		6DDEFCC61947A4D400051CDA /* Main-iPad.storyboard */ = {isa = PBXFileReference; fileEncoding = 4; lastKnownFileType = file.storyboard; path = "Main-iPad.storyboard"; sourceTree = "<group>"; };
		6DE9D7CE194243DA0090AC80 /* Score.swift */ = {isa = PBXFileReference; fileEncoding = 4; lastKnownFileType = sourcecode.swift; path = Score.swift; sourceTree = "<group>"; };
		6DE9D7D1194247F90090AC80 /* BirdNode.swift */ = {isa = PBXFileReference; fileEncoding = 4; lastKnownFileType = sourcecode.swift; path = BirdNode.swift; sourceTree = "<group>"; };
		6DE9D7D3194261D00090AC80 /* Constants.swift */ = {isa = PBXFileReference; fileEncoding = 4; lastKnownFileType = sourcecode.swift; path = Constants.swift; sourceTree = "<group>"; };
		6DE9D7D6194262F10090AC80 /* SKScrollingNode.swift */ = {isa = PBXFileReference; fileEncoding = 4; lastKnownFileType = sourcecode.swift; path = SKScrollingNode.swift; sourceTree = "<group>"; };
		6DE9D7D8194277000090AC80 /* Scene.swift */ = {isa = PBXFileReference; fileEncoding = 4; lastKnownFileType = sourcecode.swift; name = Scene.swift; path = Nodes/Scene.swift; sourceTree = "<group>"; };
		6DE9D7DA19427E170090AC80 /* SceneDelegate.swift */ = {isa = PBXFileReference; fileEncoding = 4; lastKnownFileType = sourcecode.swift; path = SceneDelegate.swift; sourceTree = "<group>"; };
		6DE9D7DC19428CC20090AC80 /* Math.swift */ = {isa = PBXFileReference; fileEncoding = 4; lastKnownFileType = sourcecode.swift; path = Math.swift; sourceTree = "<group>"; };
		6DE9D7E219429E690090AC80 /* back@2x.png */ = {isa = PBXFileReference; lastKnownFileType = image.png; path = "back@2x.png"; sourceTree = "<group>"; };
		6DE9D7EA19429EB10090AC80 /* floor@2x.png */ = {isa = PBXFileReference; lastKnownFileType = image.png; path = "floor@2x.png"; sourceTree = "<group>"; };
		6DE9D7EB19429EB10090AC80 /* game_over@2x.png */ = {isa = PBXFileReference; lastKnownFileType = image.png; path = "game_over@2x.png"; sourceTree = "<group>"; };
		6DE9D7EC19429EB10090AC80 /* get_ready@2x.png */ = {isa = PBXFileReference; lastKnownFileType = image.png; path = "get_ready@2x.png"; sourceTree = "<group>"; };
		6DE9D7ED19429EB10090AC80 /* medal_bronze@2x.png */ = {isa = PBXFileReference; lastKnownFileType = image.png; path = "medal_bronze@2x.png"; sourceTree = "<group>"; };
		6DE9D7EE19429EB10090AC80 /* medal_gold@2x.png */ = {isa = PBXFileReference; lastKnownFileType = image.png; path = "medal_gold@2x.png"; sourceTree = "<group>"; };
		6DE9D7EF19429EB10090AC80 /* medal_plate@2x.png */ = {isa = PBXFileReference; lastKnownFileType = image.png; path = "medal_plate@2x.png"; sourceTree = "<group>"; };
		6DE9D7F019429EB10090AC80 /* medal_platinum@2x.png */ = {isa = PBXFileReference; lastKnownFileType = image.png; path = "medal_platinum@2x.png"; sourceTree = "<group>"; };
		6DE9D7F119429EB10090AC80 /* medal_silver@2x.png */ = {isa = PBXFileReference; lastKnownFileType = image.png; path = "medal_silver@2x.png"; sourceTree = "<group>"; };
		6DE9D7F219429EB10090AC80 /* pipe_bottom@2x.png */ = {isa = PBXFileReference; lastKnownFileType = image.png; path = "pipe_bottom@2x.png"; sourceTree = "<group>"; };
		6DE9D7F319429EB10090AC80 /* pipe_top@2x.png */ = {isa = PBXFileReference; lastKnownFileType = image.png; path = "pipe_top@2x.png"; sourceTree = "<group>"; };
		6DE9D7F419429EB10090AC80 /* taptap@2x.png */ = {isa = PBXFileReference; lastKnownFileType = image.png; path = "taptap@2x.png"; sourceTree = "<group>"; };
		AB0346611A41DA1400C12FB4 /* SBWindow.swift */ = {isa = PBXFileReference; fileEncoding = 4; lastKnownFileType = sourcecode.swift; path = SBWindow.swift; sourceTree = "<group>"; };
		AB103FB51A5033800045FACD /* UFO_01@2x.png */ = {isa = PBXFileReference; lastKnownFileType = image.png; path = "UFO_01@2x.png"; sourceTree = "<group>"; };
		AB103FB61A5033800045FACD /* UFO_02@2x.png */ = {isa = PBXFileReference; lastKnownFileType = image.png; path = "UFO_02@2x.png"; sourceTree = "<group>"; };
		AB103FB71A5033800045FACD /* UFO_03@2x.png */ = {isa = PBXFileReference; lastKnownFileType = image.png; path = "UFO_03@2x.png"; sourceTree = "<group>"; };
		AB103FB81A5033800045FACD /* UFO_04@2x.png */ = {isa = PBXFileReference; lastKnownFileType = image.png; path = "UFO_04@2x.png"; sourceTree = "<group>"; };
		AB5752951A502F100023BC75 /* background_City-01@2x.png */ = {isa = PBXFileReference; lastKnownFileType = image.png; path = "background_City-01@2x.png"; sourceTree = "<group>"; };
		AB9D77DE1A3F3BF400C5442A /* GTAGHelper.h */ = {isa = PBXFileReference; fileEncoding = 4; lastKnownFileType = sourcecode.c.h; path = GTAGHelper.h; sourceTree = "<group>"; };
		AB9D77DF1A3F3BF400C5442A /* GTAGHelper.m */ = {isa = PBXFileReference; fileEncoding = 4; lastKnownFileType = sourcecode.c.objc; path = GTAGHelper.m; sourceTree = "<group>"; };
		AB9D77E51A3F3C9400C5442A /* objc-header.h */ = {isa = PBXFileReference; lastKnownFileType = sourcecode.c.h; path = "objc-header.h"; sourceTree = "<group>"; };
		AB9D77E61A3F3CF000C5442A /* GTAGKeys.h */ = {isa = PBXFileReference; fileEncoding = 4; lastKnownFileType = sourcecode.c.h; path = GTAGKeys.h; sourceTree = "<group>"; };
		AB9D785B1A3F3F2000C5442A /* TAGContainer.h */ = {isa = PBXFileReference; fileEncoding = 4; lastKnownFileType = sourcecode.c.h; path = TAGContainer.h; sourceTree = "<group>"; };
		AB9D785C1A3F3F2000C5442A /* TAGContainerOpener.h */ = {isa = PBXFileReference; fileEncoding = 4; lastKnownFileType = sourcecode.c.h; path = TAGContainerOpener.h; sourceTree = "<group>"; };
		AB9D785D1A3F3F2000C5442A /* TAGDataLayer.h */ = {isa = PBXFileReference; fileEncoding = 4; lastKnownFileType = sourcecode.c.h; path = TAGDataLayer.h; sourceTree = "<group>"; };
		AB9D785E1A3F3F2000C5442A /* TAGLogger.h */ = {isa = PBXFileReference; fileEncoding = 4; lastKnownFileType = sourcecode.c.h; path = TAGLogger.h; sourceTree = "<group>"; };
		AB9D785F1A3F3F2000C5442A /* TAGManager.h */ = {isa = PBXFileReference; fileEncoding = 4; lastKnownFileType = sourcecode.c.h; path = TAGManager.h; sourceTree = "<group>"; };
		AB9D78641A3F436F00C5442A /* libGoogleAnalyticsServices.a */ = {isa = PBXFileReference; lastKnownFileType = archive.ar; name = libGoogleAnalyticsServices.a; path = "SprityBirdInSwift/library/Google_ Analytics/libGoogleAnalyticsServices.a"; sourceTree = "<group>"; };
		AB9D78661A3F438900C5442A /* CoreData.framework */ = {isa = PBXFileReference; lastKnownFileType = wrapper.framework; name = CoreData.framework; path = System/Library/Frameworks/CoreData.framework; sourceTree = SDKROOT; };
		AB9D78681A3F439700C5442A /* SystemConfiguration.framework */ = {isa = PBXFileReference; lastKnownFileType = wrapper.framework; name = SystemConfiguration.framework; path = System/Library/Frameworks/SystemConfiguration.framework; sourceTree = SDKROOT; };
		AB9D786A1A3F43A000C5442A /* libz.dylib */ = {isa = PBXFileReference; lastKnownFileType = "compiled.mach-o.dylib"; name = libz.dylib; path = usr/lib/libz.dylib; sourceTree = SDKROOT; };
		AB9D786C1A3F43AB00C5442A /* libsqlite3.dylib */ = {isa = PBXFileReference; lastKnownFileType = "compiled.mach-o.dylib"; name = libsqlite3.dylib; path = usr/lib/libsqlite3.dylib; sourceTree = SDKROOT; };
		ABC964381A405EAD00DBA677 /* libGoogleAdMobAds.a */ = {isa = PBXFileReference; lastKnownFileType = archive.ar; name = libGoogleAdMobAds.a; path = "SprityBirdInSwift/library/Google_ Analytics/libGoogleAdMobAds.a"; sourceTree = "<group>"; };
		ABC9643A1A40822B00DBA677 /* AdSupport.framework */ = {isa = PBXFileReference; lastKnownFileType = wrapper.framework; name = AdSupport.framework; path = System/Library/Frameworks/AdSupport.framework; sourceTree = SDKROOT; };
		ABC9643C1A40823400DBA677 /* AudioToolbox.framework */ = {isa = PBXFileReference; lastKnownFileType = wrapper.framework; name = AudioToolbox.framework; path = System/Library/Frameworks/AudioToolbox.framework; sourceTree = SDKROOT; };
		ABC9643E1A40823D00DBA677 /* AVFoundation.framework */ = {isa = PBXFileReference; lastKnownFileType = wrapper.framework; name = AVFoundation.framework; path = System/Library/Frameworks/AVFoundation.framework; sourceTree = SDKROOT; };
		ABC964401A40824A00DBA677 /* CoreGraphics.framework */ = {isa = PBXFileReference; lastKnownFileType = wrapper.framework; name = CoreGraphics.framework; path = System/Library/Frameworks/CoreGraphics.framework; sourceTree = SDKROOT; };
		ABC964421A40825200DBA677 /* CoreTelephony.framework */ = {isa = PBXFileReference; lastKnownFileType = wrapper.framework; name = CoreTelephony.framework; path = System/Library/Frameworks/CoreTelephony.framework; sourceTree = SDKROOT; };
		ABC964441A40825C00DBA677 /* EventKit.framework */ = {isa = PBXFileReference; lastKnownFileType = wrapper.framework; name = EventKit.framework; path = System/Library/Frameworks/EventKit.framework; sourceTree = SDKROOT; };
		ABC964461A40826100DBA677 /* EventKitUI.framework */ = {isa = PBXFileReference; lastKnownFileType = wrapper.framework; name = EventKitUI.framework; path = System/Library/Frameworks/EventKitUI.framework; sourceTree = SDKROOT; };
		ABC964481A40826A00DBA677 /* MessageUI.framework */ = {isa = PBXFileReference; lastKnownFileType = wrapper.framework; name = MessageUI.framework; path = System/Library/Frameworks/MessageUI.framework; sourceTree = SDKROOT; };
		ABC9644A1A40826F00DBA677 /* StoreKit.framework */ = {isa = PBXFileReference; lastKnownFileType = wrapper.framework; name = StoreKit.framework; path = System/Library/Frameworks/StoreKit.framework; sourceTree = SDKROOT; };
		ABC9644F1A40889D00DBA677 /* DFPBannerView.h */ = {isa = PBXFileReference; fileEncoding = 4; lastKnownFileType = sourcecode.c.h; path = DFPBannerView.h; sourceTree = "<group>"; };
		ABC964501A40889D00DBA677 /* DFPExtras.h */ = {isa = PBXFileReference; fileEncoding = 4; lastKnownFileType = sourcecode.c.h; path = DFPExtras.h; sourceTree = "<group>"; };
		ABC964511A40889D00DBA677 /* DFPInterstitial.h */ = {isa = PBXFileReference; fileEncoding = 4; lastKnownFileType = sourcecode.c.h; path = DFPInterstitial.h; sourceTree = "<group>"; };
		ABC964521A40889D00DBA677 /* DFPSwipeableBannerView.h */ = {isa = PBXFileReference; fileEncoding = 4; lastKnownFileType = sourcecode.c.h; path = DFPSwipeableBannerView.h; sourceTree = "<group>"; };
		ABC964531A40889D00DBA677 /* GADAdSizeDelegate.h */ = {isa = PBXFileReference; fileEncoding = 4; lastKnownFileType = sourcecode.c.h; path = GADAdSizeDelegate.h; sourceTree = "<group>"; };
		ABC964541A40889D00DBA677 /* GADAppEventDelegate.h */ = {isa = PBXFileReference; fileEncoding = 4; lastKnownFileType = sourcecode.c.h; path = GADAppEventDelegate.h; sourceTree = "<group>"; };
		ABC964551A40889D00DBA677 /* GADSwipeableBannerViewDelegate.h */ = {isa = PBXFileReference; fileEncoding = 4; lastKnownFileType = sourcecode.c.h; path = GADSwipeableBannerViewDelegate.h; sourceTree = "<group>"; };
		ABC964571A40889D00DBA677 /* GADCustomEventBanner.h */ = {isa = PBXFileReference; fileEncoding = 4; lastKnownFileType = sourcecode.c.h; path = GADCustomEventBanner.h; sourceTree = "<group>"; };
		ABC964581A40889D00DBA677 /* GADCustomEventBannerDelegate.h */ = {isa = PBXFileReference; fileEncoding = 4; lastKnownFileType = sourcecode.c.h; path = GADCustomEventBannerDelegate.h; sourceTree = "<group>"; };
		ABC964591A40889D00DBA677 /* GADCustomEventExtras.h */ = {isa = PBXFileReference; fileEncoding = 4; lastKnownFileType = sourcecode.c.h; path = GADCustomEventExtras.h; sourceTree = "<group>"; };
		ABC9645A1A40889D00DBA677 /* GADCustomEventInterstitial.h */ = {isa = PBXFileReference; fileEncoding = 4; lastKnownFileType = sourcecode.c.h; path = GADCustomEventInterstitial.h; sourceTree = "<group>"; };
		ABC9645B1A40889D00DBA677 /* GADCustomEventInterstitialDelegate.h */ = {isa = PBXFileReference; fileEncoding = 4; lastKnownFileType = sourcecode.c.h; path = GADCustomEventInterstitialDelegate.h; sourceTree = "<group>"; };
		ABC9645C1A40889D00DBA677 /* GADCustomEventRequest.h */ = {isa = PBXFileReference; fileEncoding = 4; lastKnownFileType = sourcecode.c.h; path = GADCustomEventRequest.h; sourceTree = "<group>"; };
		ABC9645E1A40889D00DBA677 /* GADSearchBannerView.h */ = {isa = PBXFileReference; fileEncoding = 4; lastKnownFileType = sourcecode.c.h; path = GADSearchBannerView.h; sourceTree = "<group>"; };
		ABC9645F1A40889D00DBA677 /* GADSearchRequest.h */ = {isa = PBXFileReference; fileEncoding = 4; lastKnownFileType = sourcecode.c.h; path = GADSearchRequest.h; sourceTree = "<group>"; };
		ABC964601A40889D00DBA677 /* GADAdMobExtras.h */ = {isa = PBXFileReference; fileEncoding = 4; lastKnownFileType = sourcecode.c.h; path = GADAdMobExtras.h; sourceTree = "<group>"; };
		ABC964611A40889D00DBA677 /* GADAdNetworkExtras.h */ = {isa = PBXFileReference; fileEncoding = 4; lastKnownFileType = sourcecode.c.h; path = GADAdNetworkExtras.h; sourceTree = "<group>"; };
		ABC964621A40889D00DBA677 /* GADAdSize.h */ = {isa = PBXFileReference; fileEncoding = 4; lastKnownFileType = sourcecode.c.h; path = GADAdSize.h; sourceTree = "<group>"; };
		ABC964631A40889D00DBA677 /* GADBannerView.h */ = {isa = PBXFileReference; fileEncoding = 4; lastKnownFileType = sourcecode.c.h; path = GADBannerView.h; sourceTree = "<group>"; };
		ABC964641A40889D00DBA677 /* GADBannerViewDelegate.h */ = {isa = PBXFileReference; fileEncoding = 4; lastKnownFileType = sourcecode.c.h; path = GADBannerViewDelegate.h; sourceTree = "<group>"; };
		ABC964651A40889D00DBA677 /* GADInAppPurchase.h */ = {isa = PBXFileReference; fileEncoding = 4; lastKnownFileType = sourcecode.c.h; path = GADInAppPurchase.h; sourceTree = "<group>"; };
		ABC964661A40889D00DBA677 /* GADInAppPurchaseDelegate.h */ = {isa = PBXFileReference; fileEncoding = 4; lastKnownFileType = sourcecode.c.h; path = GADInAppPurchaseDelegate.h; sourceTree = "<group>"; };
		ABC964671A40889D00DBA677 /* GADInterstitial.h */ = {isa = PBXFileReference; fileEncoding = 4; lastKnownFileType = sourcecode.c.h; path = GADInterstitial.h; sourceTree = "<group>"; };
		ABC964681A40889D00DBA677 /* GADInterstitialDelegate.h */ = {isa = PBXFileReference; fileEncoding = 4; lastKnownFileType = sourcecode.c.h; path = GADInterstitialDelegate.h; sourceTree = "<group>"; };
		ABC964691A40889D00DBA677 /* GADModules.h */ = {isa = PBXFileReference; fileEncoding = 4; lastKnownFileType = sourcecode.c.h; path = GADModules.h; sourceTree = "<group>"; };
		ABC9646A1A40889D00DBA677 /* GADRequest.h */ = {isa = PBXFileReference; fileEncoding = 4; lastKnownFileType = sourcecode.c.h; path = GADRequest.h; sourceTree = "<group>"; };
		ABC9646B1A40889D00DBA677 /* GADRequestError.h */ = {isa = PBXFileReference; fileEncoding = 4; lastKnownFileType = sourcecode.c.h; path = GADRequestError.h; sourceTree = "<group>"; };
		ABC9646C1A40889D00DBA677 /* README.txt */ = {isa = PBXFileReference; fileEncoding = 4; lastKnownFileType = text; path = README.txt; sourceTree = "<group>"; };
		ABC964701A408D5E00DBA677 /* GADRequest+Swift.h */ = {isa = PBXFileReference; fileEncoding = 4; lastKnownFileType = sourcecode.c.h; path = "GADRequest+Swift.h"; sourceTree = "<group>"; };
		ABC964711A408D5E00DBA677 /* GADRequest+Swift.m */ = {isa = PBXFileReference; fileEncoding = 4; lastKnownFileType = sourcecode.c.objc; path = "GADRequest+Swift.m"; sourceTree = "<group>"; };
/* End PBXFileReference section */

/* Begin PBXFrameworksBuildPhase section */
		6D00496E19424141008F317A /* Frameworks */ = {
			isa = PBXFrameworksBuildPhase;
			buildActionMask = 2147483647;
			files = (
			);
			runOnlyForDeploymentPostprocessing = 0;
		};
		AB9D78621A3F42E200C5442A /* Frameworks */ = {
			isa = PBXFrameworksBuildPhase;
			buildActionMask = 2147483647;
			files = (
				ABC964391A405EAD00DBA677 /* libGoogleAdMobAds.a in Frameworks */,
				ABC9644B1A40826F00DBA677 /* StoreKit.framework in Frameworks */,
				ABC964491A40826A00DBA677 /* MessageUI.framework in Frameworks */,
				ABC964471A40826100DBA677 /* EventKitUI.framework in Frameworks */,
				ABC964451A40825C00DBA677 /* EventKit.framework in Frameworks */,
				ABC964431A40825200DBA677 /* CoreTelephony.framework in Frameworks */,
				ABC964411A40824A00DBA677 /* CoreGraphics.framework in Frameworks */,
				ABC9643F1A40823D00DBA677 /* AVFoundation.framework in Frameworks */,
				ABC9643D1A40823400DBA677 /* AudioToolbox.framework in Frameworks */,
				ABC9643B1A40822B00DBA677 /* AdSupport.framework in Frameworks */,
				AB9D786D1A3F43AB00C5442A /* libsqlite3.dylib in Frameworks */,
				AB9D786B1A3F43A000C5442A /* libz.dylib in Frameworks */,
				AB9D78691A3F439700C5442A /* SystemConfiguration.framework in Frameworks */,
				AB9D78671A3F438900C5442A /* CoreData.framework in Frameworks */,
				AB9D78651A3F436F00C5442A /* libGoogleAnalyticsServices.a in Frameworks */,
			);
			runOnlyForDeploymentPostprocessing = 0;
		};
/* End PBXFrameworksBuildPhase section */

/* Begin PBXGroup section */
		6D00495619424141008F317A = {
			isa = PBXGroup;
			children = (
				ABC9644A1A40826F00DBA677 /* StoreKit.framework */,
				ABC964481A40826A00DBA677 /* MessageUI.framework */,
				ABC964461A40826100DBA677 /* EventKitUI.framework */,
				ABC964441A40825C00DBA677 /* EventKit.framework */,
				ABC964421A40825200DBA677 /* CoreTelephony.framework */,
				ABC964401A40824A00DBA677 /* CoreGraphics.framework */,
				ABC9643E1A40823D00DBA677 /* AVFoundation.framework */,
				ABC9643C1A40823400DBA677 /* AudioToolbox.framework */,
				ABC9643A1A40822B00DBA677 /* AdSupport.framework */,
				ABC964381A405EAD00DBA677 /* libGoogleAdMobAds.a */,
				AB9D786C1A3F43AB00C5442A /* libsqlite3.dylib */,
				AB9D786A1A3F43A000C5442A /* libz.dylib */,
				AB9D78681A3F439700C5442A /* SystemConfiguration.framework */,
				AB9D78661A3F438900C5442A /* CoreData.framework */,
				AB9D78641A3F436F00C5442A /* libGoogleAnalyticsServices.a */,
				AB9D77E81A3F3EEF00C5442A /* Libs */,
				6D00496119424141008F317A /* SprityBirdInSwift */,
				6D00497419424141008F317A /* SprityBirdInSwiftTests */,
				6D00496019424141008F317A /* Products */,
			);
			sourceTree = "<group>";
		};
		6D00496019424141008F317A /* Products */ = {
			isa = PBXGroup;
			children = (
				6D00495F19424141008F317A /* SprityBirdInSwift.app */,
				6D00497119424141008F317A /* SprityBirdInSwiftTests.xctest */,
			);
			name = Products;
			sourceTree = "<group>";
		};
		6D00496119424141008F317A /* SprityBirdInSwift */ = {
			isa = PBXGroup;
			children = (
				6DE9D7B3194242AE0090AC80 /* Resources */,
				6DD2E849194626A300EB1527 /* iPad */,
				6DE9D7B2194242A40090AC80 /* Classes */,
				6D00496219424141008F317A /* Supporting Files */,
			);
			path = SprityBirdInSwift;
			sourceTree = "<group>";
		};
		6D00496219424141008F317A /* Supporting Files */ = {
			isa = PBXGroup;
			children = (
				6D00496319424141008F317A /* Info.plist */,
			);
			name = "Supporting Files";
			sourceTree = "<group>";
		};
		6D00497419424141008F317A /* SprityBirdInSwiftTests */ = {
			isa = PBXGroup;
			children = (
				6D00497719424142008F317A /* SprityBirdInSwiftTests.swift */,
				6D00497519424142008F317A /* Supporting Files */,
			);
			path = SprityBirdInSwiftTests;
			sourceTree = "<group>";
		};
		6D00497519424142008F317A /* Supporting Files */ = {
			isa = PBXGroup;
			children = (
				6D00497619424142008F317A /* Info.plist */,
			);
			name = "Supporting Files";
			sourceTree = "<group>";
		};
		6DD2E849194626A300EB1527 /* iPad */ = {
			isa = PBXGroup;
			children = (
			);
			name = iPad;
			sourceTree = "<group>";
		};
		6DE9D7B2194242A40090AC80 /* Classes */ = {
			isa = PBXGroup;
			children = (
				AB9D77DD1A3F3BF400C5442A /* library */,
				6DE9D7CA194243C80090AC80 /* Controllers */,
				6DE9D7CB194243C80090AC80 /* Helpers */,
				6DE9D7CC194243C80090AC80 /* Models */,
				6DE9D7CD194243C80090AC80 /* Scenes */,
				6D00496419424141008F317A /* AppDelegate.swift */,
				6DE9D7D3194261D00090AC80 /* Constants.swift */,
				AB0346611A41DA1400C12FB4 /* SBWindow.swift */,
				AB9D77E51A3F3C9400C5442A /* objc-header.h */,
			);
			path = Classes;
			sourceTree = "<group>";
		};
		6DE9D7B3194242AE0090AC80 /* Resources */ = {
			isa = PBXGroup;
			children = (
				AB103FB51A5033800045FACD /* UFO_01@2x.png */,
				AB103FB61A5033800045FACD /* UFO_02@2x.png */,
				AB103FB71A5033800045FACD /* UFO_03@2x.png */,
				AB103FB81A5033800045FACD /* UFO_04@2x.png */,
				6DDEFCC61947A4D400051CDA /* Main-iPad.storyboard */,
				6D376EC01942FE0D004FBF9D /* Main.storyboard */,
				6DE9D7EA19429EB10090AC80 /* floor@2x.png */,
				6DE9D7EB19429EB10090AC80 /* game_over@2x.png */,
				6DE9D7EC19429EB10090AC80 /* get_ready@2x.png */,
				6DE9D7ED19429EB10090AC80 /* medal_bronze@2x.png */,
				6DE9D7EE19429EB10090AC80 /* medal_gold@2x.png */,
				6DE9D7EF19429EB10090AC80 /* medal_plate@2x.png */,
				6DE9D7F019429EB10090AC80 /* medal_platinum@2x.png */,
				6DE9D7F119429EB10090AC80 /* medal_silver@2x.png */,
				6DE9D7F219429EB10090AC80 /* pipe_bottom@2x.png */,
				6DE9D7F319429EB10090AC80 /* pipe_top@2x.png */,
				6DE9D7F419429EB10090AC80 /* taptap@2x.png */,
				6DE9D7E219429E690090AC80 /* back@2x.png */,
				AB5752951A502F100023BC75 /* background_City-01@2x.png */,
				6D00496B19424141008F317A /* Images.xcassets */,
			);
			path = Resources;
			sourceTree = "<group>";
		};
		6DE9D7CA194243C80090AC80 /* Controllers */ = {
			isa = PBXGroup;
			children = (
				6D00496619424141008F317A /* GameViewController.swift */,
			);
			path = Controllers;
			sourceTree = "<group>";
		};
		6DE9D7CB194243C80090AC80 /* Helpers */ = {
			isa = PBXGroup;
			children = (
				6DE9D7DC19428CC20090AC80 /* Math.swift */,
			);
			path = Helpers;
			sourceTree = "<group>";
		};
		6DE9D7CC194243C80090AC80 /* Models */ = {
			isa = PBXGroup;
			children = (
				6DE9D7CE194243DA0090AC80 /* Score.swift */,
			);
			path = Models;
			sourceTree = "<group>";
		};
		6DE9D7CD194243C80090AC80 /* Scenes */ = {
			isa = PBXGroup;
			children = (
				6DE9D7DA19427E170090AC80 /* SceneDelegate.swift */,
				6DE9D7D8194277000090AC80 /* Scene.swift */,
				6DE9D7D0194247680090AC80 /* Nodes */,
			);
			path = Scenes;
			sourceTree = "<group>";
		};
		6DE9D7D0194247680090AC80 /* Nodes */ = {
			isa = PBXGroup;
			children = (
				6DE9D7D1194247F90090AC80 /* BirdNode.swift */,
				6DE9D7D6194262F10090AC80 /* SKScrollingNode.swift */,
			);
			path = Nodes;
			sourceTree = "<group>";
		};
		AB9D77DD1A3F3BF400C5442A /* library */ = {
			isa = PBXGroup;
			children = (
				AB9D77E61A3F3CF000C5442A /* GTAGKeys.h */,
				AB9D77DE1A3F3BF400C5442A /* GTAGHelper.h */,
				AB9D77DF1A3F3BF400C5442A /* GTAGHelper.m */,
			);
			path = library;
			sourceTree = "<group>";
		};
		AB9D77E81A3F3EEF00C5442A /* Libs */ = {
			isa = PBXGroup;
			children = (
				ABC9644C1A40889D00DBA677 /* GoogleMobileAdsSdkiOS-6.12.2 */,
				AB9D785A1A3F3F2000C5442A /* Library */,
			);
			name = Libs;
			sourceTree = "<group>";
		};
		AB9D785A1A3F3F2000C5442A /* Library */ = {
			isa = PBXGroup;
			children = (
				AB9D785B1A3F3F2000C5442A /* TAGContainer.h */,
				AB9D785C1A3F3F2000C5442A /* TAGContainerOpener.h */,
				AB9D785D1A3F3F2000C5442A /* TAGDataLayer.h */,
				AB9D785E1A3F3F2000C5442A /* TAGLogger.h */,
				AB9D785F1A3F3F2000C5442A /* TAGManager.h */,
			);
			name = Library;
			path = "SprityBirdInSwift/library/Google_ Analytics/GoogleTagManager/Library";
			sourceTree = "<group>";
		};
		ABC9644C1A40889D00DBA677 /* GoogleMobileAdsSdkiOS-6.12.2 */ = {
			isa = PBXGroup;
			children = (
				ABC9644D1A40889D00DBA677 /* Add-ons */,
				ABC964601A40889D00DBA677 /* GADAdMobExtras.h */,
				ABC964611A40889D00DBA677 /* GADAdNetworkExtras.h */,
				ABC964621A40889D00DBA677 /* GADAdSize.h */,
				ABC964631A40889D00DBA677 /* GADBannerView.h */,
				ABC964641A40889D00DBA677 /* GADBannerViewDelegate.h */,
				ABC964651A40889D00DBA677 /* GADInAppPurchase.h */,
				ABC964661A40889D00DBA677 /* GADInAppPurchaseDelegate.h */,
				ABC964671A40889D00DBA677 /* GADInterstitial.h */,
				ABC964681A40889D00DBA677 /* GADInterstitialDelegate.h */,
				ABC964691A40889D00DBA677 /* GADModules.h */,
				ABC9646A1A40889D00DBA677 /* GADRequest.h */,
				ABC9646B1A40889D00DBA677 /* GADRequestError.h */,
				ABC9646C1A40889D00DBA677 /* README.txt */,
				ABC964701A408D5E00DBA677 /* GADRequest+Swift.h */,
				ABC964711A408D5E00DBA677 /* GADRequest+Swift.m */,
			);
			name = "GoogleMobileAdsSdkiOS-6.12.2";
			path = "SprityBirdInSwift/library/Google_ Analytics/GoogleMobileAdsSdkiOS-6.12.2";
			sourceTree = "<group>";
		};
		ABC9644D1A40889D00DBA677 /* Add-ons */ = {
			isa = PBXGroup;
			children = (
				ABC9644E1A40889D00DBA677 /* DoubleClick */,
				ABC964561A40889D00DBA677 /* Mediation */,
				ABC9645D1A40889D00DBA677 /* Search */,
			);
			path = "Add-ons";
			sourceTree = "<group>";
		};
		ABC9644E1A40889D00DBA677 /* DoubleClick */ = {
			isa = PBXGroup;
			children = (
				ABC9644F1A40889D00DBA677 /* DFPBannerView.h */,
				ABC964501A40889D00DBA677 /* DFPExtras.h */,
				ABC964511A40889D00DBA677 /* DFPInterstitial.h */,
				ABC964521A40889D00DBA677 /* DFPSwipeableBannerView.h */,
				ABC964531A40889D00DBA677 /* GADAdSizeDelegate.h */,
				ABC964541A40889D00DBA677 /* GADAppEventDelegate.h */,
				ABC964551A40889D00DBA677 /* GADSwipeableBannerViewDelegate.h */,
			);
			path = DoubleClick;
			sourceTree = "<group>";
		};
		ABC964561A40889D00DBA677 /* Mediation */ = {
			isa = PBXGroup;
			children = (
				ABC964571A40889D00DBA677 /* GADCustomEventBanner.h */,
				ABC964581A40889D00DBA677 /* GADCustomEventBannerDelegate.h */,
				ABC964591A40889D00DBA677 /* GADCustomEventExtras.h */,
				ABC9645A1A40889D00DBA677 /* GADCustomEventInterstitial.h */,
				ABC9645B1A40889D00DBA677 /* GADCustomEventInterstitialDelegate.h */,
				ABC9645C1A40889D00DBA677 /* GADCustomEventRequest.h */,
			);
			path = Mediation;
			sourceTree = "<group>";
		};
		ABC9645D1A40889D00DBA677 /* Search */ = {
			isa = PBXGroup;
			children = (
				ABC9645E1A40889D00DBA677 /* GADSearchBannerView.h */,
				ABC9645F1A40889D00DBA677 /* GADSearchRequest.h */,
			);
			path = Search;
			sourceTree = "<group>";
		};
/* End PBXGroup section */

/* Begin PBXNativeTarget section */
		6D00495E19424141008F317A /* SprityBirdInSwift */ = {
			isa = PBXNativeTarget;
			buildConfigurationList = 6D00497B19424142008F317A /* Build configuration list for PBXNativeTarget "SprityBirdInSwift" */;
			buildPhases = (
				6D00495B19424141008F317A /* Sources */,
				6D00495D19424141008F317A /* Resources */,
				AB9D78621A3F42E200C5442A /* Frameworks */,
			);
			buildRules = (
			);
			dependencies = (
			);
			name = SprityBirdInSwift;
			productName = SprityBirdInSwift;
			productReference = 6D00495F19424141008F317A /* SprityBirdInSwift.app */;
			productType = "com.apple.product-type.application";
		};
		6D00497019424141008F317A /* SprityBirdInSwiftTests */ = {
			isa = PBXNativeTarget;
			buildConfigurationList = 6D00497E19424142008F317A /* Build configuration list for PBXNativeTarget "SprityBirdInSwiftTests" */;
			buildPhases = (
				6D00496D19424141008F317A /* Sources */,
				6D00496E19424141008F317A /* Frameworks */,
				6D00496F19424141008F317A /* Resources */,
			);
			buildRules = (
			);
			dependencies = (
				6D00497319424141008F317A /* PBXTargetDependency */,
			);
			name = SprityBirdInSwiftTests;
			productName = SprityBirdInSwiftTests;
			productReference = 6D00497119424141008F317A /* SprityBirdInSwiftTests.xctest */;
			productType = "com.apple.product-type.bundle.unit-test";
		};
/* End PBXNativeTarget section */

/* Begin PBXProject section */
		6D00495719424141008F317A /* Project object */ = {
			isa = PBXProject;
			attributes = {
				LastUpgradeCheck = 0600;
				ORGANIZATIONNAME = "Frederick Siu";
				TargetAttributes = {
					6D00495E19424141008F317A = {
						CreatedOnToolsVersion = 6.0;
					};
					6D00497019424141008F317A = {
						CreatedOnToolsVersion = 6.0;
						TestTargetID = 6D00495E19424141008F317A;
					};
				};
			};
			buildConfigurationList = 6D00495A19424141008F317A /* Build configuration list for PBXProject "SprityBirdInSwift" */;
			compatibilityVersion = "Xcode 3.2";
			developmentRegion = English;
			hasScannedForEncodings = 0;
			knownRegions = (
				en,
				Base,
			);
			mainGroup = 6D00495619424141008F317A;
			productRefGroup = 6D00496019424141008F317A /* Products */;
			projectDirPath = "";
			projectRoot = "";
			targets = (
				6D00495E19424141008F317A /* SprityBirdInSwift */,
				6D00497019424141008F317A /* SprityBirdInSwiftTests */,
			);
		};
/* End PBXProject section */

/* Begin PBXResourcesBuildPhase section */
		6D00495D19424141008F317A /* Resources */ = {
			isa = PBXResourcesBuildPhase;
			buildActionMask = 2147483647;
			files = (
				6DE9D7E619429E690090AC80 /* back@2x.png in Resources */,
				6DE9D7FD19429EB10090AC80 /* pipe_bottom@2x.png in Resources */,
				6DE9D7F819429EB10090AC80 /* medal_bronze@2x.png in Resources */,
				6DE9D7F619429EB10090AC80 /* game_over@2x.png in Resources */,
				AB5752961A502F100023BC75 /* background_City-01@2x.png in Resources */,
				6DE9D7FB19429EB10090AC80 /* medal_platinum@2x.png in Resources */,
				6D376EC11942FE0D004FBF9D /* Main.storyboard in Resources */,
				6DE9D7FF19429EB10090AC80 /* taptap@2x.png in Resources */,
				AB103FBA1A5033800045FACD /* UFO_02@2x.png in Resources */,
				AB103FB91A5033800045FACD /* UFO_01@2x.png in Resources */,
				6DE9D7F519429EB10090AC80 /* floor@2x.png in Resources */,
				6DE9D7FA19429EB10090AC80 /* medal_plate@2x.png in Resources */,
				6DDEFCC71947A4D400051CDA /* Main-iPad.storyboard in Resources */,
				6DE9D7FE19429EB10090AC80 /* pipe_top@2x.png in Resources */,
				6D00496C19424141008F317A /* Images.xcassets in Resources */,
				6DE9D7F919429EB10090AC80 /* medal_gold@2x.png in Resources */,
				AB103FBC1A5033800045FACD /* UFO_04@2x.png in Resources */,
				ABC9646D1A40889D00DBA677 /* README.txt in Resources */,
				6DE9D7F719429EB10090AC80 /* get_ready@2x.png in Resources */,
				AB103FBB1A5033800045FACD /* UFO_03@2x.png in Resources */,
				6DE9D7FC19429EB10090AC80 /* medal_silver@2x.png in Resources */,
			);
			runOnlyForDeploymentPostprocessing = 0;
		};
		6D00496F19424141008F317A /* Resources */ = {
			isa = PBXResourcesBuildPhase;
			buildActionMask = 2147483647;
			files = (
			);
			runOnlyForDeploymentPostprocessing = 0;
		};
/* End PBXResourcesBuildPhase section */

/* Begin PBXSourcesBuildPhase section */
		6D00495B19424141008F317A /* Sources */ = {
			isa = PBXSourcesBuildPhase;
			buildActionMask = 2147483647;
			files = (
				6DE9D7D4194261D00090AC80 /* Constants.swift in Sources */,
				6DE9D7D2194247F90090AC80 /* BirdNode.swift in Sources */,
				6DE9D7DD19428CC20090AC80 /* Math.swift in Sources */,
				6D00496719424141008F317A /* GameViewController.swift in Sources */,
				6DE9D7D7194262F10090AC80 /* SKScrollingNode.swift in Sources */,
				6DE9D7D9194277000090AC80 /* Scene.swift in Sources */,
				AB0346621A41DA1400C12FB4 /* SBWindow.swift in Sources */,
				6DE9D7CF194243DA0090AC80 /* Score.swift in Sources */,
				6D00496519424141008F317A /* AppDelegate.swift in Sources */,
				ABC964721A408D5E00DBA677 /* GADRequest+Swift.m in Sources */,
				AB9D77E11A3F3BF400C5442A /* GTAGHelper.m in Sources */,
				6DE9D7DB19427E170090AC80 /* SceneDelegate.swift in Sources */,
			);
			runOnlyForDeploymentPostprocessing = 0;
		};
		6D00496D19424141008F317A /* Sources */ = {
			isa = PBXSourcesBuildPhase;
			buildActionMask = 2147483647;
			files = (
				6D00497819424142008F317A /* SprityBirdInSwiftTests.swift in Sources */,
			);
			runOnlyForDeploymentPostprocessing = 0;
		};
/* End PBXSourcesBuildPhase section */

/* Begin PBXTargetDependency section */
		6D00497319424141008F317A /* PBXTargetDependency */ = {
			isa = PBXTargetDependency;
			target = 6D00495E19424141008F317A /* SprityBirdInSwift */;
			targetProxy = 6D00497219424141008F317A /* PBXContainerItemProxy */;
		};
/* End PBXTargetDependency section */

/* Begin XCBuildConfiguration section */
		6D00497919424142008F317A /* Debug */ = {
			isa = XCBuildConfiguration;
			buildSettings = {
				ALWAYS_SEARCH_USER_PATHS = NO;
				CLANG_CXX_LANGUAGE_STANDARD = "gnu++0x";
				CLANG_CXX_LIBRARY = "libc++";
				CLANG_ENABLE_MODULES = YES;
				CLANG_ENABLE_OBJC_ARC = YES;
				CLANG_WARN_BOOL_CONVERSION = YES;
				CLANG_WARN_CONSTANT_CONVERSION = YES;
				CLANG_WARN_DIRECT_OBJC_ISA_USAGE = YES_ERROR;
				CLANG_WARN_EMPTY_BODY = YES;
				CLANG_WARN_ENUM_CONVERSION = YES;
				CLANG_WARN_INT_CONVERSION = YES;
				CLANG_WARN_OBJC_ROOT_CLASS = YES_ERROR;
				CLANG_WARN_UNREACHABLE_CODE = YES;
				CLANG_WARN__DUPLICATE_METHOD_MATCH = YES;
				"CODE_SIGN_IDENTITY[sdk=iphoneos*]" = "iPhone Developer";
				COPY_PHASE_STRIP = NO;
				ENABLE_STRICT_OBJC_MSGSEND = YES;
				GCC_C_LANGUAGE_STANDARD = gnu99;
				GCC_DYNAMIC_NO_PIC = NO;
				GCC_OPTIMIZATION_LEVEL = 0;
				GCC_PREPROCESSOR_DEFINITIONS = (
					"DEBUG=1",
					"$(inherited)",
				);
				GCC_SYMBOLS_PRIVATE_EXTERN = NO;
				GCC_WARN_64_TO_32_BIT_CONVERSION = YES;
				GCC_WARN_ABOUT_RETURN_TYPE = YES_ERROR;
				GCC_WARN_UNDECLARED_SELECTOR = YES;
				GCC_WARN_UNINITIALIZED_AUTOS = YES_AGGRESSIVE;
				GCC_WARN_UNUSED_FUNCTION = YES;
				GCC_WARN_UNUSED_VARIABLE = YES;
				IPHONEOS_DEPLOYMENT_TARGET = 8.0;
				METAL_ENABLE_DEBUG_INFO = YES;
				ONLY_ACTIVE_ARCH = YES;
				SDKROOT = iphoneos;
				SWIFT_OPTIMIZATION_LEVEL = "-Onone";
				TARGETED_DEVICE_FAMILY = "1,2";
			};
			name = Debug;
		};
		6D00497A19424142008F317A /* Release */ = {
			isa = XCBuildConfiguration;
			buildSettings = {
				ALWAYS_SEARCH_USER_PATHS = NO;
				CLANG_CXX_LANGUAGE_STANDARD = "gnu++0x";
				CLANG_CXX_LIBRARY = "libc++";
				CLANG_ENABLE_MODULES = YES;
				CLANG_ENABLE_OBJC_ARC = YES;
				CLANG_WARN_BOOL_CONVERSION = YES;
				CLANG_WARN_CONSTANT_CONVERSION = YES;
				CLANG_WARN_DIRECT_OBJC_ISA_USAGE = YES_ERROR;
				CLANG_WARN_EMPTY_BODY = YES;
				CLANG_WARN_ENUM_CONVERSION = YES;
				CLANG_WARN_INT_CONVERSION = YES;
				CLANG_WARN_OBJC_ROOT_CLASS = YES_ERROR;
				CLANG_WARN_UNREACHABLE_CODE = YES;
				CLANG_WARN__DUPLICATE_METHOD_MATCH = YES;
				"CODE_SIGN_IDENTITY[sdk=iphoneos*]" = "iPhone Developer";
				COPY_PHASE_STRIP = YES;
				ENABLE_NS_ASSERTIONS = NO;
				ENABLE_STRICT_OBJC_MSGSEND = YES;
				GCC_C_LANGUAGE_STANDARD = gnu99;
				GCC_WARN_64_TO_32_BIT_CONVERSION = YES;
				GCC_WARN_ABOUT_RETURN_TYPE = YES_ERROR;
				GCC_WARN_UNDECLARED_SELECTOR = YES;
				GCC_WARN_UNINITIALIZED_AUTOS = YES_AGGRESSIVE;
				GCC_WARN_UNUSED_FUNCTION = YES;
				GCC_WARN_UNUSED_VARIABLE = YES;
				IPHONEOS_DEPLOYMENT_TARGET = 8.0;
				METAL_ENABLE_DEBUG_INFO = NO;
				SDKROOT = iphoneos;
				TARGETED_DEVICE_FAMILY = "1,2";
				VALIDATE_PRODUCT = YES;
			};
			name = Release;
		};
		6D00497C19424142008F317A /* Debug */ = {
			isa = XCBuildConfiguration;
			buildSettings = {
				ASSETCATALOG_COMPILER_APPICON_NAME = AppIcon;
				ASSETCATALOG_COMPILER_LAUNCHIMAGE_NAME = LaunchImage;
				CODE_SIGN_IDENTITY = "iPhone Developer";
				FRAMEWORK_SEARCH_PATHS = "";
				INFOPLIST_FILE = SprityBirdInSwift/Info.plist;
				IPHONEOS_DEPLOYMENT_TARGET = 8.0;
				LD_RUNPATH_SEARCH_PATHS = "$(inherited) @executable_path/Frameworks";
				LIBRARY_SEARCH_PATHS = (
					"$(inherited)",
					"\"$(SRCROOT)/SprityBirdInSwift/library/Google_ Analytics\"",
				);
				OTHER_LDFLAGS = "-ObjC";
				PRODUCT_NAME = "$(TARGET_NAME)";
				PROVISIONING_PROFILE = "7a4ce288-0f5f-438e-89c9-997429fcdaf8";
				SWIFT_OBJC_BRIDGING_HEADER = "SprityBirdInSwift/Classes/objc-header.h";
				TARGETED_DEVICE_FAMILY = "1,2";
			};
			name = Debug;
		};
		6D00497D19424142008F317A /* Release */ = {
			isa = XCBuildConfiguration;
			buildSettings = {
				ASSETCATALOG_COMPILER_APPICON_NAME = AppIcon;
				ASSETCATALOG_COMPILER_LAUNCHIMAGE_NAME = LaunchImage;
				CODE_SIGN_IDENTITY = "iPhone Distribution";
				"CODE_SIGN_IDENTITY[sdk=iphoneos*]" = "iPhone Distribution";
				FRAMEWORK_SEARCH_PATHS = "";
				INFOPLIST_FILE = SprityBirdInSwift/Info.plist;
				IPHONEOS_DEPLOYMENT_TARGET = 8.0;
				LD_RUNPATH_SEARCH_PATHS = "$(inherited) @executable_path/Frameworks";
				LIBRARY_SEARCH_PATHS = (
					"$(inherited)",
					"\"$(SRCROOT)/SprityBirdInSwift/library/Google_ Analytics\"",
				);
				OTHER_LDFLAGS = "-ObjC";
				PRODUCT_NAME = "$(TARGET_NAME)";
				PROVISIONING_PROFILE = "7a4ce288-0f5f-438e-89c9-997429fcdaf8";
				SWIFT_OBJC_BRIDGING_HEADER = "SprityBirdInSwift/Classes/objc-header.h";
				TARGETED_DEVICE_FAMILY = "1,2";
			};
			name = Release;
		};
		6D00497F19424142008F317A /* Debug */ = {
			isa = XCBuildConfiguration;
			buildSettings = {
				BUNDLE_LOADER = "$(BUILT_PRODUCTS_DIR)/SprityBirdInSwift.app/SprityBirdInSwift";
				FRAMEWORK_SEARCH_PATHS = (
					"$(SDKROOT)/Developer/Library/Frameworks",
					"$(inherited)",
				);
				GCC_PREPROCESSOR_DEFINITIONS = (
					"DEBUG=1",
					"$(inherited)",
				);
				INFOPLIST_FILE = SprityBirdInSwiftTests/Info.plist;
				LD_RUNPATH_SEARCH_PATHS = "$(inherited) @executable_path/Frameworks @loader_path/Frameworks";
				METAL_ENABLE_DEBUG_INFO = YES;
				PRODUCT_NAME = "$(TARGET_NAME)";
				TEST_HOST = "$(BUNDLE_LOADER)";
			};
			name = Debug;
		};
		6D00498019424142008F317A /* Release */ = {
			isa = XCBuildConfiguration;
			buildSettings = {
				BUNDLE_LOADER = "$(BUILT_PRODUCTS_DIR)/SprityBirdInSwift.app/SprityBirdInSwift";
				FRAMEWORK_SEARCH_PATHS = (
					"$(SDKROOT)/Developer/Library/Frameworks",
					"$(inherited)",
				);
				INFOPLIST_FILE = SprityBirdInSwiftTests/Info.plist;
				LD_RUNPATH_SEARCH_PATHS = "$(inherited) @executable_path/Frameworks @loader_path/Frameworks";
				METAL_ENABLE_DEBUG_INFO = NO;
				PRODUCT_NAME = "$(TARGET_NAME)";
				TEST_HOST = "$(BUNDLE_LOADER)";
			};
			name = Release;
		};
/* End XCBuildConfiguration section */

/* Begin XCConfigurationList section */
		6D00495A19424141008F317A /* Build configuration list for PBXProject "SprityBirdInSwift" */ = {
			isa = XCConfigurationList;
			buildConfigurations = (
				6D00497919424142008F317A /* Debug */,
				6D00497A19424142008F317A /* Release */,
			);
			defaultConfigurationIsVisible = 0;
			defaultConfigurationName = Release;
		};
		6D00497B19424142008F317A /* Build configuration list for PBXNativeTarget "SprityBirdInSwift" */ = {
			isa = XCConfigurationList;
			buildConfigurations = (
				6D00497C19424142008F317A /* Debug */,
				6D00497D19424142008F317A /* Release */,
			);
			defaultConfigurationIsVisible = 0;
			defaultConfigurationName = Release;
		};
		6D00497E19424142008F317A /* Build configuration list for PBXNativeTarget "SprityBirdInSwiftTests" */ = {
			isa = XCConfigurationList;
			buildConfigurations = (
				6D00497F19424142008F317A /* Debug */,
				6D00498019424142008F317A /* Release */,
			);
			defaultConfigurationIsVisible = 0;
			defaultConfigurationName = Release;
		};
/* End XCConfigurationList section */
	};
	rootObject = 6D00495719424141008F317A /* Project object */;
}
